// !$*UTF8*$!
{
	archiveVersion = 1;
	classes = {
	};
	objectVersion = 46;
	objects = {

/* Begin PBXBuildFile section */
		7D33F75B1DE524E90094FE12 /* main.cpp in Sources */ = {isa = PBXBuildFile; fileRef = 7D33F75A1DE524E90094FE12 /* main.cpp */; };
		7D33F7631DE525140094FE12 /* gg.cpp in Sources */ = {isa = PBXBuildFile; fileRef = 7D33F7611DE525140094FE12 /* gg.cpp */; };
/* End PBXBuildFile section */

/* Begin PBXCopyFilesBuildPhase section */
		7D33F7551DE524E90094FE12 /* CopyFiles */ = {
			isa = PBXCopyFilesBuildPhase;
			buildActionMask = 2147483647;
			dstPath = /usr/share/man/man1/;
			dstSubfolderSpec = 0;
			files = (
			);
			runOnlyForDeploymentPostprocessing = 1;
		};
/* End PBXCopyFilesBuildPhase section */

/* Begin PBXFileReference section */
		7D1828451DF98D7800C66A44 /* panorama.frag */ = {isa = PBXFileReference; fileEncoding = 8; lastKnownFileType = sourcecode.glsl; path = panorama.frag; sourceTree = "<group>"; };
		7D33F7571DE524E90094FE12 /* fisheye */ = {isa = PBXFileReference; explicitFileType = "compiled.mach-o.executable"; includeInIndex = 0; path = fisheye; sourceTree = BUILT_PRODUCTS_DIR; };
		7D33F75A1DE524E90094FE12 /* main.cpp */ = {isa = PBXFileReference; fileEncoding = 8; lastKnownFileType = sourcecode.cpp.cpp; path = main.cpp; sourceTree = "<group>"; };
		7D33F7611DE525140094FE12 /* gg.cpp */ = {isa = PBXFileReference; fileEncoding = 8; lastKnownFileType = sourcecode.cpp.cpp; path = gg.cpp; sourceTree = "<group>"; };
		7D33F7621DE525140094FE12 /* gg.h */ = {isa = PBXFileReference; fileEncoding = 8; lastKnownFileType = sourcecode.c.h; path = gg.h; sourceTree = "<group>"; };
		7D33F7651DE52EF80094FE12 /* CamCv.h */ = {isa = PBXFileReference; fileEncoding = 8; lastKnownFileType = sourcecode.c.h; path = CamCv.h; sourceTree = "<group>"; };
		7D33F7671DE52EF80094FE12 /* Camera.h */ = {isa = PBXFileReference; fileEncoding = 8; lastKnownFileType = sourcecode.c.h; path = Camera.h; sourceTree = "<group>"; };
		7D33F76B1DE5B9B70094FE12 /* Window.h */ = {isa = PBXFileReference; fileEncoding = 8; lastKnownFileType = sourcecode.c.h; path = Window.h; sourceTree = "<group>"; };
		7DEBC5341DEA7CB8003AFDF7 /* fisheye.vert */ = {isa = PBXFileReference; fileEncoding = 8; lastKnownFileType = sourcecode.glsl; path = fisheye.vert; sourceTree = "<group>"; };
		7DEBC5351DEA7CB8003AFDF7 /* fixed.vert */ = {isa = PBXFileReference; fileEncoding = 8; lastKnownFileType = sourcecode.glsl; path = fixed.vert; sourceTree = "<group>"; };
		7DEBC5361DEA7CBE003AFDF7 /* normal.frag */ = {isa = PBXFileReference; fileEncoding = 8; lastKnownFileType = sourcecode.glsl; path = normal.frag; sourceTree = "<group>"; };
		7DEBC5371DEA7CC8003AFDF7 /* panorama.vert */ = {isa = PBXFileReference; fileEncoding = 8; lastKnownFileType = sourcecode.glsl; path = panorama.vert; sourceTree = "<group>"; };
		7DEBC5381DEA7CC8003AFDF7 /* rectangle.vert */ = {isa = PBXFileReference; fileEncoding = 8; lastKnownFileType = sourcecode.glsl; path = rectangle.vert; sourceTree = "<group>"; };
		7DEBC5391DEA7CC8003AFDF7 /* theta.frag */ = {isa = PBXFileReference; fileEncoding = 8; lastKnownFileType = sourcecode.glsl; path = theta.frag; sourceTree = "<group>"; };
		7DEBC53A1DEA7CC8003AFDF7 /* theta.vert */ = {isa = PBXFileReference; fileEncoding = 8; lastKnownFileType = sourcecode.glsl; path = theta.vert; sourceTree = "<group>"; };
		7DEBC53B1DEA7CF1003AFDF7 /* ExpansionShader.h */ = {isa = PBXFileReference; fileEncoding = 8; lastKnownFileType = sourcecode.c.h; path = ExpansionShader.h; sourceTree = "<group>"; };
/* End PBXFileReference section */

/* Begin PBXFrameworksBuildPhase section */
		7D33F7541DE524E90094FE12 /* Frameworks */ = {
			isa = PBXFrameworksBuildPhase;
			buildActionMask = 2147483647;
			files = (
			);
			runOnlyForDeploymentPostprocessing = 0;
		};
/* End PBXFrameworksBuildPhase section */

/* Begin PBXGroup section */
		7D33F74E1DE524E90094FE12 = {
			isa = PBXGroup;
			children = (
				7D33F7591DE524E90094FE12 /* fisheye */,
				7D33F7581DE524E90094FE12 /* Products */,
			);
			sourceTree = "<group>";
		};
		7D33F7581DE524E90094FE12 /* Products */ = {
			isa = PBXGroup;
			children = (
				7D33F7571DE524E90094FE12 /* fisheye */,
			);
			name = Products;
			sourceTree = "<group>";
		};
		7D33F7591DE524E90094FE12 /* fisheye */ = {
			isa = PBXGroup;
			children = (
				7D33F75A1DE524E90094FE12 /* main.cpp */,
				7D33F7621DE525140094FE12 /* gg.h */,
				7D33F7611DE525140094FE12 /* gg.cpp */,
				7DEBC53B1DEA7CF1003AFDF7 /* ExpansionShader.h */,
				7D33F76B1DE5B9B70094FE12 /* Window.h */,
				7D33F7671DE52EF80094FE12 /* Camera.h */,
				7D33F7651DE52EF80094FE12 /* CamCv.h */,
				7DEBC5351DEA7CB8003AFDF7 /* fixed.vert */,
				7DEBC5381DEA7CC8003AFDF7 /* rectangle.vert */,
				7DEBC5341DEA7CB8003AFDF7 /* fisheye.vert */,
				7DEBC5361DEA7CBE003AFDF7 /* normal.frag */,
				7DEBC5371DEA7CC8003AFDF7 /* panorama.vert */,
				7D1828451DF98D7800C66A44 /* panorama.frag */,
				7DEBC53A1DEA7CC8003AFDF7 /* theta.vert */,
				7DEBC5391DEA7CC8003AFDF7 /* theta.frag */,
			);
			path = fisheye;
			sourceTree = "<group>";
		};
/* End PBXGroup section */

/* Begin PBXNativeTarget section */
		7D33F7561DE524E90094FE12 /* fisheye */ = {
			isa = PBXNativeTarget;
			buildConfigurationList = 7D33F75E1DE524E90094FE12 /* Build configuration list for PBXNativeTarget "fisheye" */;
			buildPhases = (
				7D33F7531DE524E90094FE12 /* Sources */,
				7D33F7541DE524E90094FE12 /* Frameworks */,
				7D33F7551DE524E90094FE12 /* CopyFiles */,
			);
			buildRules = (
			);
			dependencies = (
			);
			name = fisheye;
			productName = fisheye;
			productReference = 7D33F7571DE524E90094FE12 /* fisheye */;
			productType = "com.apple.product-type.tool";
		};
/* End PBXNativeTarget section */

/* Begin PBXProject section */
		7D33F74F1DE524E90094FE12 /* Project object */ = {
			isa = PBXProject;
			attributes = {
				LastUpgradeCheck = 0830;
				ORGANIZATIONNAME = "Kohe Tokoi";
				TargetAttributes = {
					7D33F7561DE524E90094FE12 = {
						CreatedOnToolsVersion = 8.1;
						DevelopmentTeam = T98UR7H9EJ;
						ProvisioningStyle = Automatic;
					};
				};
			};
			buildConfigurationList = 7D33F7521DE524E90094FE12 /* Build configuration list for PBXProject "fisheye" */;
			compatibilityVersion = "Xcode 3.2";
			developmentRegion = English;
			hasScannedForEncodings = 0;
			knownRegions = (
				en,
			);
			mainGroup = 7D33F74E1DE524E90094FE12;
			productRefGroup = 7D33F7581DE524E90094FE12 /* Products */;
			projectDirPath = "";
			projectRoot = "";
			targets = (
				7D33F7561DE524E90094FE12 /* fisheye */,
			);
		};
/* End PBXProject section */

/* Begin PBXSourcesBuildPhase section */
		7D33F7531DE524E90094FE12 /* Sources */ = {
			isa = PBXSourcesBuildPhase;
			buildActionMask = 2147483647;
			files = (
				7D33F75B1DE524E90094FE12 /* main.cpp in Sources */,
				7D33F7631DE525140094FE12 /* gg.cpp in Sources */,
			);
			runOnlyForDeploymentPostprocessing = 0;
		};
/* End PBXSourcesBuildPhase section */

/* Begin XCBuildConfiguration section */
		7D33F75C1DE524E90094FE12 /* Debug */ = {
			isa = XCBuildConfiguration;
			buildSettings = {
				ALWAYS_SEARCH_USER_PATHS = NO;
				CLANG_ANALYZER_NONNULL = YES;
				CLANG_CXX_LANGUAGE_STANDARD = "gnu++0x";
				CLANG_CXX_LIBRARY = "libc++";
				CLANG_ENABLE_MODULES = YES;
				CLANG_ENABLE_OBJC_ARC = YES;
				CLANG_WARN_BOOL_CONVERSION = YES;
				CLANG_WARN_CONSTANT_CONVERSION = YES;
				CLANG_WARN_DIRECT_OBJC_ISA_USAGE = YES_ERROR;
				CLANG_WARN_DOCUMENTATION_COMMENTS = YES;
				CLANG_WARN_EMPTY_BODY = YES;
				CLANG_WARN_ENUM_CONVERSION = YES;
				CLANG_WARN_INFINITE_RECURSION = YES;
				CLANG_WARN_INT_CONVERSION = YES;
				CLANG_WARN_OBJC_ROOT_CLASS = YES_ERROR;
				CLANG_WARN_SUSPICIOUS_MOVE = YES;
				CLANG_WARN_SUSPICIOUS_MOVES = YES;
				CLANG_WARN_UNREACHABLE_CODE = YES;
				CLANG_WARN__DUPLICATE_METHOD_MATCH = YES;
				CODE_SIGN_IDENTITY = "-";
				COPY_PHASE_STRIP = NO;
				DEBUG_INFORMATION_FORMAT = dwarf;
				ENABLE_STRICT_OBJC_MSGSEND = YES;
				ENABLE_TESTABILITY = YES;
				GCC_C_LANGUAGE_STANDARD = gnu99;
				GCC_DYNAMIC_NO_PIC = NO;
				GCC_NO_COMMON_BLOCKS = YES;
				GCC_OPTIMIZATION_LEVEL = 0;
				GCC_PREPROCESSOR_DEFINITIONS = (
					"DEBUG=1",
					"$(inherited)",
				);
				GCC_WARN_64_TO_32_BIT_CONVERSION = YES;
				GCC_WARN_ABOUT_RETURN_TYPE = YES_ERROR;
				GCC_WARN_UNDECLARED_SELECTOR = YES;
				GCC_WARN_UNINITIALIZED_AUTOS = YES_AGGRESSIVE;
				GCC_WARN_UNUSED_FUNCTION = YES;
				GCC_WARN_UNUSED_VARIABLE = YES;
				MACOSX_DEPLOYMENT_TARGET = 10.12;
				MTL_ENABLE_DEBUG_INFO = YES;
				ONLY_ACTIVE_ARCH = YES;
				SDKROOT = macosx;
			};
			name = Debug;
		};
		7D33F75D1DE524E90094FE12 /* Release */ = {
			isa = XCBuildConfiguration;
			buildSettings = {
				ALWAYS_SEARCH_USER_PATHS = NO;
				CLANG_ANALYZER_NONNULL = YES;
				CLANG_CXX_LANGUAGE_STANDARD = "gnu++0x";
				CLANG_CXX_LIBRARY = "libc++";
				CLANG_ENABLE_MODULES = YES;
				CLANG_ENABLE_OBJC_ARC = YES;
				CLANG_WARN_BOOL_CONVERSION = YES;
				CLANG_WARN_CONSTANT_CONVERSION = YES;
				CLANG_WARN_DIRECT_OBJC_ISA_USAGE = YES_ERROR;
				CLANG_WARN_DOCUMENTATION_COMMENTS = YES;
				CLANG_WARN_EMPTY_BODY = YES;
				CLANG_WARN_ENUM_CONVERSION = YES;
				CLANG_WARN_INFINITE_RECURSION = YES;
				CLANG_WARN_INT_CONVERSION = YES;
				CLANG_WARN_OBJC_ROOT_CLASS = YES_ERROR;
				CLANG_WARN_SUSPICIOUS_MOVE = YES;
				CLANG_WARN_SUSPICIOUS_MOVES = YES;
				CLANG_WARN_UNREACHABLE_CODE = YES;
				CLANG_WARN__DUPLICATE_METHOD_MATCH = YES;
				CODE_SIGN_IDENTITY = "-";
				COPY_PHASE_STRIP = NO;
				DEBUG_INFORMATION_FORMAT = "dwarf-with-dsym";
				ENABLE_NS_ASSERTIONS = NO;
				ENABLE_STRICT_OBJC_MSGSEND = YES;
				GCC_C_LANGUAGE_STANDARD = gnu99;
				GCC_NO_COMMON_BLOCKS = YES;
				GCC_WARN_64_TO_32_BIT_CONVERSION = YES;
				GCC_WARN_ABOUT_RETURN_TYPE = YES_ERROR;
				GCC_WARN_UNDECLARED_SELECTOR = YES;
				GCC_WARN_UNINITIALIZED_AUTOS = YES_AGGRESSIVE;
				GCC_WARN_UNUSED_FUNCTION = YES;
				GCC_WARN_UNUSED_VARIABLE = YES;
				MACOSX_DEPLOYMENT_TARGET = 10.12;
				MTL_ENABLE_DEBUG_INFO = NO;
				SDKROOT = macosx;
			};
			name = Release;
		};
		7D33F75F1DE524E90094FE12 /* Debug */ = {
			isa = XCBuildConfiguration;
			buildSettings = {
				CLANG_WARN_DOCUMENTATION_COMMENTS = NO;
				DEVELOPMENT_TEAM = T98UR7H9EJ;
				HEADER_SEARCH_PATHS = /usr/local/include;
				LIBRARY_SEARCH_PATHS = /usr/local/lib;
				OTHER_LDFLAGS = (
					"-lglfw",
					"-framework",
					OpenGL,
					"-framework",
					CoreVideo,
					"-framework",
					IOKit,
					"-framework",
					Cocoa,
					"-lopencv_highgui",
					"-lopencv_core",
				);
				PRODUCT_NAME = "$(TARGET_NAME)";
			};
			name = Debug;
		};
		7D33F7601DE524E90094FE12 /* Release */ = {
			isa = XCBuildConfiguration;
			buildSettings = {
				CLANG_WARN_DOCUMENTATION_COMMENTS = NO;
				DEVELOPMENT_TEAM = T98UR7H9EJ;
				HEADER_SEARCH_PATHS = /usr/local/include;
				LIBRARY_SEARCH_PATHS = /usr/local/lib;
				OTHER_LDFLAGS = (
					"-lglfw",
					"-framework",
					OpenGL,
					"-framework",
					CoreVideo,
					"-framework",
					IOKit,
					"-framework",
					Cocoa,
					"-lopencv_highgui",
					"-lopencv_core",
				);
				PRODUCT_NAME = "$(TARGET_NAME)";
			};
			name = Release;
		};
/* End XCBuildConfiguration section */

/* Begin XCConfigurationList section */
		7D33F7521DE524E90094FE12 /* Build configuration list for PBXProject "fisheye" */ = {
			isa = XCConfigurationList;
			buildConfigurations = (
				7D33F75C1DE524E90094FE12 /* Debug */,
				7D33F75D1DE524E90094FE12 /* Release */,
			);
			defaultConfigurationIsVisible = 0;
			defaultConfigurationName = Release;
		};
		7D33F75E1DE524E90094FE12 /* Build configuration list for PBXNativeTarget "fisheye" */ = {
			isa = XCConfigurationList;
			buildConfigurations = (
				7D33F75F1DE524E90094FE12 /* Debug */,
				7D33F7601DE524E90094FE12 /* Release */,
			);
			defaultConfigurationIsVisible = 0;
			defaultConfigurationName = Release;
		};
/* End XCConfigurationList section */
	};
	rootObject = 7D33F74F1DE524E90094FE12 /* Project object */;
}
